
Microsoft Visual Studio Solution File, Format Version 12.00
# Visual Studio Version 17
VisualStudioVersion = 17.11.35222.181
MinimumVisualStudioVersion = 10.0.40219.1
Project("{FAE04EC0-301F-11D3-BF4B-00C04F79EFBC}") = "Verebes_Herkules_Keszthely", "Verebes_Herkules_Keszthely\Verebes_Herkules_Keszthely.csproj", "{AB84A9CD-5012-483F-93B8-12F0F6A9184C}"
EndProject
Global
	GlobalSection(SolutionConfigurationPlatforms) = preSolution
		Debug|Any CPU = Debug|Any CPU
		Release|Any CPU = Release|Any CPU
	EndGlobalSection
	GlobalSection(ProjectConfigurationPlatforms) = postSolution
		{AB84A9CD-5012-483F-93B8-12F0F6A9184C}.Debug|Any CPU.ActiveCfg = Debug|Any CPU
		{AB84A9CD-5012-483F-93B8-12F0F6A9184C}.Debug|Any CPU.Build.0 = Debug|Any CPU
		{AB84A9CD-5012-483F-93B8-12F0F6A9184C}.Release|Any CPU.ActiveCfg = Release|Any CPU
		{AB84A9CD-5012-483F-93B8-12F0F6A9184C}.Release|Any CPU.Build.0 = Release|Any CPU
	EndGlobalSection
	GlobalSection(SolutionProperties) = preSolution
		HideSolutionNode = FALSE
	EndGlobalSection
	GlobalSection(ExtensibilityGlobals) = postSolution
		SolutionGuid = {5AD62518-4661-47C3-B3D8-65BE8F20F33C}
	EndGlobalSection
EndGlobal
